# This file is autogenerated, do not edit; changes may be undone by the next 'dep ensure'.


[[projects]]
  name = "github.com/davecgh/go-spew"
  packages = ["spew"]
  revision = "8991bc29aa16c548c550c7ff78260e27b9ab7c73"
  version = "v1.1.1"

[[projects]]
  name = "github.com/gruntwork-io/terratest"
  packages = ["modules/collections","modules/customerrors","modules/files","modules/logger","modules/retry","modules/shell","modules/ssh","modules/terraform","modules/testing"]
  revision = "d812eb5d47902d8f7f79f1d854cf7ca27f5475e1"
  version = "v0.26.3"

[[projects]]
  name = "github.com/pmezard/go-difflib"
  packages = ["difflib"]
  revision = "792786c7400a136282c1664665ae0a8db921c6c2"
  version = "v1.0.0"

[[projects]]
  name = "github.com/stretchr/testify"
  packages = ["assert","require"]
  revision = "3ebf1ddaeb260c4b1ae502a01c7844fa8c1fa0e9"
  version = "v1.5.1"

[[projects]]
  branch = "master"
  name = "golang.org/x/crypto"
  packages = ["blowfish","chacha20","curve25519","ed25519","ed25519/internal/edwards25519","internal/subtle","poly1305","ssh","ssh/agent","ssh/internal/bcrypt_pbkdf"]
  revision = "056763e48d71961566155f089ac0f02f1dda9b5a"

[[projects]]
  branch = "master"
  name = "golang.org/x/net"
  packages = ["context"]
  revision = "d3edc9973b7eb1fb302b0ff2c62357091cea9a30"

[[projects]]
  branch = "master"
  name = "golang.org/x/sys"
  packages = ["cpu"]
  revision = "59c9f1ba88faf592b225274f69c5ef1e4ebacf82"

[[projects]]
  name = "gopkg.in/yaml.v2"
  packages = ["."]
  revision = "53403b58ad1b561927d19068c655246f2db79d48"
  version = "v2.2.8"

[solve-meta]
  analyzer-name = "dep"
  analyzer-version = 1
  inputs-digest = "906f7d3fd27a4c4f2738e8149d62ae516f33a576dba76aa650a0040ed84085f9"
  solver-name = "gps-cdcl"
  solver-version = 1
